github.com/andybalholm/brotli v1.2.2 h1:HzTuoo2ErYQqf5qvcJInB8uvqSVxRttzkFexPWtnceM=
github.com/andybalholm/brotli v1.2.2/go.mod h1:rzTDkvFWvIrjDXZHkuS16NPggd91W3kUSvPlQ1pLaKY=
github.com/ebitengine/purego v0.10.2 h1:W809HbnvzAxgdm+aOvlSekrM16wGCdT/e76+9tS7gzE=
github.com/ebitengine/purego v0.10.2/go.mod h1:iIjxzd6CiRiOG0UyXP+V1+jWqUXVjPKLAI0mRfJZTmQ=
github.com/go-atproto/atproto v0.1.0 h1:gdf/+JTPEq9z51JMmvH6huiBT6WIpOTfhbPMS3QVSrg=
github.com/go-atproto/atproto v0.1.0/go.mod h1:0ir15Nin/oDgaeIPBpG2ncndlITx0Z9ZFzExl48M0SM=
github.com/go-birdsite/twitter v0.1.0 h1:s6xFl2oG6b8/o+nkth3Nr992bq+wSVsz/HYqeTBIZtU=
github.com/go-birdsite/twitter v0.1.0/go.mod h1:K81gyFwTIuec82tIz/Ffo4mOqT/obIqjHhyUnbbmcOc=
github.com/go-browserhttp/browserhttp v0.1.0 h1:nyzTAv8vF3tkn4z0JUoX/y1hy/ihTV5DYTns+QM1ogE=
github.com/go-browserhttp/browserhttp v0.1.0/go.mod h1:zAN6vOC7f+MLC+P1J/C4dpdgj8D3+BhSpZRQlgSyZu8=
github.com/go-datetime/dates v0.1.0 h1:Uj8TaTZ09DXdq75EGQ/teFdrXpfVAC3ZDHAPQvPTnaA=
github.com/go-datetime/dates v0.1.0/go.mod h1:KeZ1wUeMScJD6HOvj3hINwbsB+GCSFjJLWcJhrBlwIo=
github.com/go-erasure/reedsolomon v0.3.0 h1:A+qrLr3OdHOftL+EyoqrdUu1sFiCb23PDWxgvc9foxU=
github.com/go-erasure/reedsolomon v0.3.0/go.mod h1:Tqwi8qBE7RYyG/sOOKCZpGCn7+gIGHlJ7A2CsjWQVZQ=
github.com/go-hackernews/hackernews v0.1.0 h1:4d9f4KmqfEnd8WTRyx2ee5jnA4JJz7QHZqA7q3nuGCY=
github.com/go-hackernews/hackernews v0.1.0/go.mod h1:qqjIppBfii2cO163KCgdBX1RjlcEfp4MROYs4SZjay0=
github.com/go-iconoir/iconoir v0.1.0 h1:Xw9XAVZmAUxGexpsNGCB6SeoUaUDh5FQQerMEbv7qgU=
github.com/go-iconoir/iconoir v0.1.0/go.mod h1:Ta5R8lWToo/vW/l87Gt988eoiWF08Jdr2yakdzYWKEs=
github.com/go-images/images v0.0.0-20260702213524-ea366b42f216 h1:JZc6nR7Zd9lidDSwVgt8NuzFt7M8lxdHsUIh1QYDJdA=
github.com/go-images/images v0.0.0-20260702213524-ea366b42f216/go.mod h1:nWwQCf77xG1GhaSD3rvlp7FNjjDhz47vrztyeBvIerk=
github.com/go-instagram/instagram v0.1.0 h1:asUP8y7YgAMYAq0m2dQ4VIFNpPnfpXk+p2Qjqj7jRbQ=
github.com/go-instagram/instagram v0.1.0/go.mod h1:FNtFVnKzf/mUyFS3St/C2wrUeuR+1c2AmlMf/ICsnj8=
github.com/go-lemmy/lemmy v0.1.0 h1:BTYxhsrquoFA3Ud3fH3/o7iQQKvGU/HJIWeZswuf418=
github.com/go-lemmy/lemmy v0.1.0/go.mod h1:Dul9nVfhYUJNgodn3HCWQFLgbO3ReGNZnFiEFLDx6LM=
github.com/go-mastodon/mastodon v0.1.0 h1:rf4NLOxrr97ZpzwfAKOVLJ9d/xRsP+pA/teEgKsqYAI=
github.com/go-mastodon/mastodon v0.1.0/go.mod h1:BUNMTzBrelZtGi6qLuQ7s6mffxsETf1htxiquA3yuDU=
github.com/go-newsgroups/newznab v0.1.0 h1:KJNaCoaE2coPaU8wvQzYF7aJ2UXmUp4qlnXfaVl+5hs=
github.com/go-newsgroups/newznab v0.1.0/go.mod h1:ANfywyup2RC/t8NpHnpWm17SyDkCBskURUuoBtcyJ+c=
github.com/go-newsgroups/nntp v0.2.2 h1:P8+JpS8uqxXDgR2tY3yrRR4BmQtn7Tbc6+sV8FLv2n0=
github.com/go-newsgroups/nntp v0.2.2/go.mod h1:Syx4HRiOStcpoWHzDWi1hxQd2iBVRu3yYkpcBZn+DAI=
github.com/go-newsgroups/nzb v0.1.0 h1:o2djveyfMa6OECFU/Cr9bkJuNGilknjVa2oF4sttLDc=
github.com/go-newsgroups/nzb v0.1.0/go.mod h1:RFhQAYFx/TfHy1ijqmj+y38NdMQi0uGrq5MwY3LwrFQ=
github.com/go-newsgroups/par2 v0.1.0 h1:XQq/7uoRyj/P7gIvxX4w924ZU3E7yRGidH6j3POd1+Q=
github.com/go-newsgroups/par2 v0.1.0/go.mod h1:mn7efd724iWYCx/s9jql+Z8m6cov4vn0s8luEFxOj18=
github.com/go-newsgroups/yenc v0.1.0 h1:oS4d9BJBuQfznqgyHrsr5ZNFZ+s7/SkfUl7ALVo5ZIM=
github.com/go-newsgroups/yenc v0.1.0/go.mod h1:+BWqb2iT8+aVnLKzayWJex6adUNI276vH7iWizcR3P4=
github.com/go-opentype/bidi v0.2.1 h1:7xCGqywPYxmwSfPBgP1Ewrp2Iwg2S03NeKxGWTz2guo=
github.com/go-opentype/bidi v0.2.1/go.mod h1:PaWZ9P93jwQaXsEvAoSxvJ3P70S9f8TuFGDstTvcfmM=
github.com/go-opentype/fonts v0.4.2 h1:jnMo+tSsbGBzp+kjX+oegMtO/+iCTfX5eYT9SRSYUNc=
github.com/go-opentype/fonts v0.4.2/go.mod h1:C6yQL2apHItfEZ5hztpsHF0S5mlX/hklLlq/Z5fRG/g=
github.com/go-opentype/opentype v0.5.0 h1:++VoqgbXgYACyTTNzUAivoxW9M3m2gxWMAn6bIY7DXg=
github.com/go-opentype/opentype v0.5.0/go.mod h1:AOixevJf7XQaH7+WG+OMIOZEbYPXfMqklVk26Y6YTUU=
github.com/go-opentype/shape v0.3.3 h1:oo6e/cnA4VYmQ7T8epr6OoO3mQS4zC2PrT2jMx2orAE=
github.com/go-opentype/shape v0.3.3/go.mod h1:oVq3kFGx6kIHKrFXfxqnp8JUYR7k9NzeY+E17LYHhrU=
github.com/go-reddit/reddit v0.1.0 h1:/b6+4BKEBSnSIVAuWEYaLU4d01tjfcsu+LQea3OFSw4=
github.com/go-reddit/reddit v0.1.0/go.mod h1:/zGZliQ8lN+iGyVAiGzeGGkY+rQBZNlF4JwAnRaYEGI=
github.com/go-syndication/feed v0.1.1 h1:nB//8Cp9K3HQvZBqN1jsir8jVqmnxU5SPk14MYwmlvw=
github.com/go-syndication/feed v0.1.1/go.mod h1:PR2mpm60ZMdEt3QEAEgoiC28gNi6fhCgBb/99JGwxR0=
github.com/go-tiktok/tiktok v0.1.0 h1:I/duF5SLq+BdlbIqVmSso6O0PayYYm+u4+g4JRjbMHc=
github.com/go-tiktok/tiktok v0.1.0/go.mod h1:YfwNRpTyk5QNWauCm4nxhdVvjmEvLd0HpxzLtivHJew=
github.com/go-webengine/engine v0.0.0-20260804155851-abdee3b40c6a h1:+c2kgN2U98e4J3659jyrWlR6d2LB/4nbsPD/v9Yhyj0=
github.com/go-webengine/engine v0.0.0-20260804155851-abdee3b40c6a/go.mod h1:uS0mymFpy9qAP6pz1AdrjQtXfw85NIEKDVS+0sq9Tac=
github.com/go-widgets/mvvm v0.3.0 h1:rVU/phb6nKF+deCDHSuKGFp75+PcXZHtrIFT4ghjf/A=
github.com/go-widgets/mvvm v0.3.0/go.mod h1:H2J6jSNOVj3f9JHlxwAPOE6pFniT5CeOEc8vEUqGU54=
github.com/go-widgets/painter v0.2.0 h1:C7anwlKLYnlTeCK90xKYvy0srxYXqhuvyDFismlf2Sc=
github.com/go-widgets/painter v0.2.0/go.mod h1:ccmlkH2UmcXQh6rt9Fu2eDt2RI0B5V0POaGmUKeW0EQ=
github.com/go-widgets/toolkit v0.98.0 h1:gjxUQb/khznow2bR1SEnKhIOXCsRKS0DHsqlU/+6K7Y=
github.com/go-widgets/toolkit v0.98.0/go.mod h1:uBYcJJeBA2hqHiTlKaLsPZ9t/NsBA6DFtpp33i5l5/8=
github.com/go-widgets/tray v0.1.0 h1:1W9A9LKTEV5fKQdzJ8EuVyzWVU4E6dNIKNeIDTJzqbc=
github.com/go-widgets/tray v0.1.0/go.mod h1:qftThNTUbYYsk/oWCjDvwDNRIojtYhY6zRZLP6c001A=
github.com/godbus/dbus/v5 v5.2.2 h1:TUR3TgtSVDmjiXOgAAyaZbYmIeP3DPkld3jgKGV8mXQ=
github.com/godbus/dbus/v5 v5.2.2/go.mod h1:3AAv2+hPq5rdnr5txxxRwiGjPXamgoIHgz9FPBfOp3c=
github.com/jezek/xgb v1.3.1 h1:NQCAEfQyzN+3RjWUSHBuVIxQcy2YfG3/mNvKfs/0rEg=
github.com/jezek/xgb v1.3.1/go.mod h1:nrhwO0FX/enq75I7Y7G8iN1ubpSGZEiA3v9e9GyRFlk=
github.com/klauspost/compress v1.19.1 h1:VsB4HPswih7mmZ8WleSFQ75c/Ui1M4trX5oAsJnhSlk=
github.com/klauspost/compress v1.19.1/go.mod h1:cwPg85FWrGar70rWktvGQj8/hthj3wpl0PGDogxkrSQ=
github.com/refraction-networking/utls v1.8.2 h1:j4Q1gJj0xngdeH+Ox/qND11aEfhpgoEvV+S9iJ2IdQo=
github.com/refraction-networking/utls v1.8.2/go.mod h1:jkSOEkLqn+S/jtpEHPOsVv/4V4EVnelwbMQl4vCWXAM=
github.com/xyproto/randomstring v1.0.5 h1:YtlWPoRdgMu3NZtP45drfy1GKoojuR7hmRcnhZqKjWU=
github.com/xyproto/randomstring v1.0.5/go.mod h1:rgmS5DeNXLivK7YprL0pY+lTuhNQW3iGxZ18UQApw/E=
golang.org/x/crypto v0.54.0 h1:YLIA59K4fiNzHzjnZt2tUJQjQtUWfWbeHBqKtk3eScw=
golang.org/x/crypto v0.54.0/go.mod h1:KWL8ny2AZdGR2cWmzeHrp2azQPGogOv+HeQaVEXC2dk=
golang.org/x/image v0.44.0 h1:+tDekMZED9+LrtB3G5xzRggpVh9CARjZqROla3R3R+I=
golang.org/x/image v0.44.0/go.mod h1:V8K3KE9KKKE+pLpQDOeN18w9oacNSvy1tDOirTu4xtY=
golang.org/x/net v0.57.0 h1:K5+3DljvIuDG9/Jv9rvyMywYNFCQ9RSUY6OOTTkT+tE=
golang.org/x/net v0.57.0/go.mod h1:KpXc8iv+r3XplLAG/f7Jsf9RPszJzdR0f58q9vGOuEU=
golang.org/x/sys v0.47.0 h1:o7XGOvZQCADBQQ4Y7VNq2dRWQR7JmOUW8Kxx4ZsNgWs=
golang.org/x/sys v0.47.0/go.mod h1:4GL1E5IUh+htKOUEOaiffhrAeqysfVGipDYzABqnCmw=
golang.org/x/text v0.40.0 h1:Ub2Z6/xjgF1WrYQz2nuITOEegKFtiIy+rieRJ5lHZKs=
golang.org/x/text v0.40.0/go.mod h1:hpnzDAfGV753zIKo+wk3u1bVKCGPbrnF7+7LBF/UHVY=
